
Microsoft Visual Studio Solution File, Format Version 12.00
# Visual Studio Version 17
VisualStudioVersion = 17.1.32210.238
MinimumVisualStudioVersion = 10.0.40219.1
Project("{9A19103F-16F7-4668-BE54-9A1E7A4F7556}") = "Exercicio-2", "Exercicio-2\Exercicio-2.csproj", "{09AB79A5-A55F-4777-8CDF-DA53CB013A89}"
EndProject
Project("{9A19103F-16F7-4668-BE54-9A1E7A4F7556}") = "Exercicio-3", "Exercicio-3\Exercicio-3.csproj", "{D9FB4B94-EDF3-476F-AA75-6BEBE110F9D5}"
EndProject
Project("{9A19103F-16F7-4668-BE54-9A1E7A4F7556}") = "Exercicio-1", "Exercicio-1\Exercicio-1.csproj", "{845A37BD-A513-4E16-AE25-9EC052F57946}"
EndProject
Project("{9A19103F-16F7-4668-BE54-9A1E7A4F7556}") = "Exercicio-4", "Exercicio-4\Exercicio-4.csproj", "{1B27AE48-8BEC-43BE-8F2C-F4011B3EED3F}"
EndProject
Project("{9A19103F-16F7-4668-BE54-9A1E7A4F7556}") = "Exercicio-5", "Exercicio-5\Exercicio-5.csproj", "{B7AAE916-693E-4D99-96BF-A1FF3E429B68}"
EndProject
Project("{9A19103F-16F7-4668-BE54-9A1E7A4F7556}") = "exercicio-6", "exercicio-6\exercicio-6.csproj", "{C22130F6-CF8B-45A5-9F2A-B390B719A4F7}"
EndProject
Project("{9A19103F-16F7-4668-BE54-9A1E7A4F7556}") = "exercicio-7", "exercicio-7\exercicio-7.csproj", "{F3B78F4A-DED2-48D5-86DD-167FA9672639}"
EndProject
Project("{9A19103F-16F7-4668-BE54-9A1E7A4F7556}") = "exercicio-8", "exercicio-8\exercicio-8.csproj", "{AE0EB108-489C-4314-B453-2E723018442A}"
EndProject
Project("{9A19103F-16F7-4668-BE54-9A1E7A4F7556}") = "exercicio-9", "exercicio-9\exercicio-9.csproj", "{7897E6C2-79A2-4242-8376-F5C6255FA588}"
EndProject
Project("{9A19103F-16F7-4668-BE54-9A1E7A4F7556}") = "POO-10", "poo-1\POO-10.csproj", "{205237CD-43F6-4679-8781-4C7B788802CE}"
EndProject
Project("{9A19103F-16F7-4668-BE54-9A1E7A4F7556}") = "POO-11", "Exercicio-11\POO-11.csproj", "{4ACB7105-C785-445C-930F-7E89E966703C}"
EndProject
Project("{9A19103F-16F7-4668-BE54-9A1E7A4F7556}") = "POO-12", "POO-12\POO-12.csproj", "{E36B99F6-9F04-4FDB-80D9-A05163112697}"
EndProject
Project("{9A19103F-16F7-4668-BE54-9A1E7A4F7556}") = "POO-13", "POO-13\POO-13.csproj", "{54B94027-71C7-4CC7-B47F-10BFA399D1F7}"
EndProject
Project("{2150E333-8FDC-42A3-9474-1A3956D46DE8}") = "TestesXUnit", "TestesXUnit", "{1CAEB696-B3D2-460A-9AA8-EA0A0F51B6C5}"
EndProject
Project("{9A19103F-16F7-4668-BE54-9A1E7A4F7556}") = "Calculos", "Calculos\Calculos.csproj", "{DCA43885-F87E-4976-A11F-BA887366FE08}"
EndProject
Project("{9A19103F-16F7-4668-BE54-9A1E7A4F7556}") = "CalculosTest", "CalculosTest\CalculosTest.csproj", "{5D49DC2F-8214-431D-B528-A483CEA02CF1}"
EndProject
Project("{2150E333-8FDC-42A3-9474-1A3956D46DE8}") = "TestesNUnit", "TestesNUnit", "{46C86C10-2FFE-4ECD-B203-C974B15B14A8}"
EndProject
Project("{FAE04EC0-301F-11D3-BF4B-00C04F79EFBC}") = "NUCalculos", "NUCalculos\NUCalculos.csproj", "{7780D07A-AE43-469B-B381-6D9296AEA6D0}"
EndProject
Project("{FAE04EC0-301F-11D3-BF4B-00C04F79EFBC}") = "Calculos.Test", "Calculos.Test\Calculos.Test.csproj", "{6A0C0CEA-8943-4D77-8506-78579931B29B}"
EndProject
Global
	GlobalSection(SolutionConfigurationPlatforms) = preSolution
		Debug|Any CPU = Debug|Any CPU
		Release|Any CPU = Release|Any CPU
	EndGlobalSection
	GlobalSection(ProjectConfigurationPlatforms) = postSolution
		{09AB79A5-A55F-4777-8CDF-DA53CB013A89}.Debug|Any CPU.ActiveCfg = Debug|Any CPU
		{09AB79A5-A55F-4777-8CDF-DA53CB013A89}.Debug|Any CPU.Build.0 = Debug|Any CPU
		{09AB79A5-A55F-4777-8CDF-DA53CB013A89}.Release|Any CPU.ActiveCfg = Release|Any CPU
		{09AB79A5-A55F-4777-8CDF-DA53CB013A89}.Release|Any CPU.Build.0 = Release|Any CPU
		{D9FB4B94-EDF3-476F-AA75-6BEBE110F9D5}.Debug|Any CPU.ActiveCfg = Debug|Any CPU
		{D9FB4B94-EDF3-476F-AA75-6BEBE110F9D5}.Debug|Any CPU.Build.0 = Debug|Any CPU
		{D9FB4B94-EDF3-476F-AA75-6BEBE110F9D5}.Release|Any CPU.ActiveCfg = Release|Any CPU
		{D9FB4B94-EDF3-476F-AA75-6BEBE110F9D5}.Release|Any CPU.Build.0 = Release|Any CPU
		{845A37BD-A513-4E16-AE25-9EC052F57946}.Debug|Any CPU.ActiveCfg = Debug|Any CPU
		{845A37BD-A513-4E16-AE25-9EC052F57946}.Debug|Any CPU.Build.0 = Debug|Any CPU
		{845A37BD-A513-4E16-AE25-9EC052F57946}.Release|Any CPU.ActiveCfg = Release|Any CPU
		{845A37BD-A513-4E16-AE25-9EC052F57946}.Release|Any CPU.Build.0 = Release|Any CPU
		{1B27AE48-8BEC-43BE-8F2C-F4011B3EED3F}.Debug|Any CPU.ActiveCfg = Debug|Any CPU
		{1B27AE48-8BEC-43BE-8F2C-F4011B3EED3F}.Debug|Any CPU.Build.0 = Debug|Any CPU
		{1B27AE48-8BEC-43BE-8F2C-F4011B3EED3F}.Release|Any CPU.ActiveCfg = Release|Any CPU
		{1B27AE48-8BEC-43BE-8F2C-F4011B3EED3F}.Release|Any CPU.Build.0 = Release|Any CPU
		{B7AAE916-693E-4D99-96BF-A1FF3E429B68}.Debug|Any CPU.ActiveCfg = Debug|Any CPU
		{B7AAE916-693E-4D99-96BF-A1FF3E429B68}.Debug|Any CPU.Build.0 = Debug|Any CPU
		{B7AAE916-693E-4D99-96BF-A1FF3E429B68}.Release|Any CPU.ActiveCfg = Release|Any CPU
		{B7AAE916-693E-4D99-96BF-A1FF3E429B68}.Release|Any CPU.Build.0 = Release|Any CPU
		{C22130F6-CF8B-45A5-9F2A-B390B719A4F7}.Debug|Any CPU.ActiveCfg = Debug|Any CPU
		{C22130F6-CF8B-45A5-9F2A-B390B719A4F7}.Debug|Any CPU.Build.0 = Debug|Any CPU
		{C22130F6-CF8B-45A5-9F2A-B390B719A4F7}.Release|Any CPU.ActiveCfg = Release|Any CPU
		{C22130F6-CF8B-45A5-9F2A-B390B719A4F7}.Release|Any CPU.Build.0 = Release|Any CPU
		{F3B78F4A-DED2-48D5-86DD-167FA9672639}.Debug|Any CPU.ActiveCfg = Debug|Any CPU
		{F3B78F4A-DED2-48D5-86DD-167FA9672639}.Debug|Any CPU.Build.0 = Debug|Any CPU
		{F3B78F4A-DED2-48D5-86DD-167FA9672639}.Release|Any CPU.ActiveCfg = Release|Any CPU
		{F3B78F4A-DED2-48D5-86DD-167FA9672639}.Release|Any CPU.Build.0 = Release|Any CPU
		{AE0EB108-489C-4314-B453-2E723018442A}.Debug|Any CPU.ActiveCfg = Debug|Any CPU
		{AE0EB108-489C-4314-B453-2E723018442A}.Debug|Any CPU.Build.0 = Debug|Any CPU
		{AE0EB108-489C-4314-B453-2E723018442A}.Release|Any CPU.ActiveCfg = Release|Any CPU
		{AE0EB108-489C-4314-B453-2E723018442A}.Release|Any CPU.Build.0 = Release|Any CPU
		{7897E6C2-79A2-4242-8376-F5C6255FA588}.Debug|Any CPU.ActiveCfg = Debug|Any CPU
		{7897E6C2-79A2-4242-8376-F5C6255FA588}.Debug|Any CPU.Build.0 = Debug|Any CPU
		{7897E6C2-79A2-4242-8376-F5C6255FA588}.Release|Any CPU.ActiveCfg = Release|Any CPU
		{7897E6C2-79A2-4242-8376-F5C6255FA588}.Release|Any CPU.Build.0 = Release|Any CPU
		{205237CD-43F6-4679-8781-4C7B788802CE}.Debug|Any CPU.ActiveCfg = Debug|Any CPU
		{205237CD-43F6-4679-8781-4C7B788802CE}.Debug|Any CPU.Build.0 = Debug|Any CPU
		{205237CD-43F6-4679-8781-4C7B788802CE}.Release|Any CPU.ActiveCfg = Release|Any CPU
		{205237CD-43F6-4679-8781-4C7B788802CE}.Release|Any CPU.Build.0 = Release|Any CPU
		{4ACB7105-C785-445C-930F-7E89E966703C}.Debug|Any CPU.ActiveCfg = Debug|Any CPU
		{4ACB7105-C785-445C-930F-7E89E966703C}.Debug|Any CPU.Build.0 = Debug|Any CPU
		{4ACB7105-C785-445C-930F-7E89E966703C}.Release|Any CPU.ActiveCfg = Release|Any CPU
		{4ACB7105-C785-445C-930F-7E89E966703C}.Release|Any CPU.Build.0 = Release|Any CPU
		{E36B99F6-9F04-4FDB-80D9-A05163112697}.Debug|Any CPU.ActiveCfg = Debug|Any CPU
		{E36B99F6-9F04-4FDB-80D9-A05163112697}.Debug|Any CPU.Build.0 = Debug|Any CPU
		{E36B99F6-9F04-4FDB-80D9-A05163112697}.Release|Any CPU.ActiveCfg = Release|Any CPU
		{E36B99F6-9F04-4FDB-80D9-A05163112697}.Release|Any CPU.Build.0 = Release|Any CPU
		{54B94027-71C7-4CC7-B47F-10BFA399D1F7}.Debug|Any CPU.ActiveCfg = Debug|Any CPU
		{54B94027-71C7-4CC7-B47F-10BFA399D1F7}.Debug|Any CPU.Build.0 = Debug|Any CPU
		{54B94027-71C7-4CC7-B47F-10BFA399D1F7}.Release|Any CPU.ActiveCfg = Release|Any CPU
		{54B94027-71C7-4CC7-B47F-10BFA399D1F7}.Release|Any CPU.Build.0 = Release|Any CPU
		{DCA43885-F87E-4976-A11F-BA887366FE08}.Debug|Any CPU.ActiveCfg = Debug|Any CPU
		{DCA43885-F87E-4976-A11F-BA887366FE08}.Debug|Any CPU.Build.0 = Debug|Any CPU
		{DCA43885-F87E-4976-A11F-BA887366FE08}.Release|Any CPU.ActiveCfg = Release|Any CPU
		{DCA43885-F87E-4976-A11F-BA887366FE08}.Release|Any CPU.Build.0 = Release|Any CPU
		{5D49DC2F-8214-431D-B528-A483CEA02CF1}.Debug|Any CPU.ActiveCfg = Debug|Any CPU
		{5D49DC2F-8214-431D-B528-A483CEA02CF1}.Debug|Any CPU.Build.0 = Debug|Any CPU
		{5D49DC2F-8214-431D-B528-A483CEA02CF1}.Release|Any CPU.ActiveCfg = Release|Any CPU
		{5D49DC2F-8214-431D-B528-A483CEA02CF1}.Release|Any CPU.Build.0 = Release|Any CPU
		{7780D07A-AE43-469B-B381-6D9296AEA6D0}.Debug|Any CPU.ActiveCfg = Debug|Any CPU
		{7780D07A-AE43-469B-B381-6D9296AEA6D0}.Debug|Any CPU.Build.0 = Debug|Any CPU
		{7780D07A-AE43-469B-B381-6D9296AEA6D0}.Release|Any CPU.ActiveCfg = Release|Any CPU
		{7780D07A-AE43-469B-B381-6D9296AEA6D0}.Release|Any CPU.Build.0 = Release|Any CPU
		{6A0C0CEA-8943-4D77-8506-78579931B29B}.Debug|Any CPU.ActiveCfg = Debug|Any CPU
		{6A0C0CEA-8943-4D77-8506-78579931B29B}.Debug|Any CPU.Build.0 = Debug|Any CPU
		{6A0C0CEA-8943-4D77-8506-78579931B29B}.Release|Any CPU.ActiveCfg = Release|Any CPU
		{6A0C0CEA-8943-4D77-8506-78579931B29B}.Release|Any CPU.Build.0 = Release|Any CPU
	EndGlobalSection
	GlobalSection(SolutionProperties) = preSolution
		HideSolutionNode = FALSE
	EndGlobalSection
	GlobalSection(NestedProjects) = preSolution
		{DCA43885-F87E-4976-A11F-BA887366FE08} = {1CAEB696-B3D2-460A-9AA8-EA0A0F51B6C5}
		{5D49DC2F-8214-431D-B528-A483CEA02CF1} = {1CAEB696-B3D2-460A-9AA8-EA0A0F51B6C5}
		{7780D07A-AE43-469B-B381-6D9296AEA6D0} = {46C86C10-2FFE-4ECD-B203-C974B15B14A8}
		{6A0C0CEA-8943-4D77-8506-78579931B29B} = {46C86C10-2FFE-4ECD-B203-C974B15B14A8}
	EndGlobalSection
	GlobalSection(ExtensibilityGlobals) = postSolution
		SolutionGuid = {A521713E-17B1-4370-93E9-2C979646A5D7}
	EndGlobalSection
EndGlobal
